
Microsoft Visual Studio Solution File, Format Version 12.00
# Visual Studio 15
VisualStudioVersion = 15.0.27004.2002
MinimumVisualStudioVersion = 10.0.40219.1
Project("{FAE04EC0-301F-11D3-BF4B-00C04F79EFBC}") = "WpfControls", "WpfControls\WpfControls.csproj", "{300BC3EC-0819-4679-B0CE-1A8433187AB6}"
EndProject
Project("{FAE04EC0-301F-11D3-BF4B-00C04F79EFBC}") = "ToCheck", "ToCheck\ToCheck.csproj", "{D991FFFD-53BC-455F-A76E-5021964C8B4A}"
EndProject
Project("{FAE04EC0-301F-11D3-BF4B-00C04F79EFBC}") = "TextHelper", "TextHelper\TextHelper.csproj", "{BFB27450-79DE-49F4-8607-25F4FC5A6CE0}"
EndProject
Project("{FAE04EC0-301F-11D3-BF4B-00C04F79EFBC}") = "MVVM", "MVVM\MVVM.csproj", "{CD6538E4-F8E0-47B2-B33C-C791D249E953}"
EndProject
Global
	GlobalSection(SolutionConfigurationPlatforms) = preSolution
		Debug|Any CPU = Debug|Any CPU
		Release|Any CPU = Release|Any CPU
	EndGlobalSection
	GlobalSection(ProjectConfigurationPlatforms) = postSolution
		{300BC3EC-0819-4679-B0CE-1A8433187AB6}.Debug|Any CPU.ActiveCfg = Debug|Any CPU
		{300BC3EC-0819-4679-B0CE-1A8433187AB6}.Debug|Any CPU.Build.0 = Debug|Any CPU
		{300BC3EC-0819-4679-B0CE-1A8433187AB6}.Release|Any CPU.ActiveCfg = Release|Any CPU
		{300BC3EC-0819-4679-B0CE-1A8433187AB6}.Release|Any CPU.Build.0 = Release|Any CPU
		{D991FFFD-53BC-455F-A76E-5021964C8B4A}.Debug|Any CPU.ActiveCfg = Debug|Any CPU
		{D991FFFD-53BC-455F-A76E-5021964C8B4A}.Debug|Any CPU.Build.0 = Debug|Any CPU
		{D991FFFD-53BC-455F-A76E-5021964C8B4A}.Release|Any CPU.ActiveCfg = Release|Any CPU
		{D991FFFD-53BC-455F-A76E-5021964C8B4A}.Release|Any CPU.Build.0 = Release|Any CPU
		{BFB27450-79DE-49F4-8607-25F4FC5A6CE0}.Debug|Any CPU.ActiveCfg = Debug|Any CPU
		{BFB27450-79DE-49F4-8607-25F4FC5A6CE0}.Debug|Any CPU.Build.0 = Debug|Any CPU
		{BFB27450-79DE-49F4-8607-25F4FC5A6CE0}.Release|Any CPU.ActiveCfg = Release|Any CPU
		{BFB27450-79DE-49F4-8607-25F4FC5A6CE0}.Release|Any CPU.Build.0 = Release|Any CPU
		{CD6538E4-F8E0-47B2-B33C-C791D249E953}.Debug|Any CPU.ActiveCfg = Debug|Any CPU
		{CD6538E4-F8E0-47B2-B33C-C791D249E953}.Debug|Any CPU.Build.0 = Debug|Any CPU
		{CD6538E4-F8E0-47B2-B33C-C791D249E953}.Release|Any CPU.ActiveCfg = Release|Any CPU
		{CD6538E4-F8E0-47B2-B33C-C791D249E953}.Release|Any CPU.Build.0 = Release|Any CPU
	EndGlobalSection
	GlobalSection(SolutionProperties) = preSolution
		HideSolutionNode = FALSE
	EndGlobalSection
	GlobalSection(ExtensibilityGlobals) = postSolution
		SolutionGuid = {329CFF6F-1C18-497F-9DB5-95386F1E147A}
	EndGlobalSection
EndGlobal
